
Microsoft Visual Studio Solution File, Format Version 12.00
# Visual Studio Version 16
VisualStudioVersion = 16.0.31729.503
MinimumVisualStudioVersion = 10.0.40219.1
Project("{FAE04EC0-301F-11D3-BF4B-00C04F79EFBC}") = "KanyeWest", "KanyeWest.csproj", "{DE2E8A37-9C44-49CC-A9BA-B84427A33C93}"
EndProject
Global
	GlobalSection(SolutionConfigurationPlatforms) = preSolution
		Debug|Any CPU = Debug|Any CPU
		Release|Any CPU = Release|Any CPU
	EndGlobalSection
	GlobalSection(ProjectConfigurationPlatforms) = postSolution
		{DE2E8A37-9C44-49CC-A9BA-B84427A33C93}.Debug|Any CPU.ActiveCfg = Debug|Any CPU
		{DE2E8A37-9C44-49CC-A9BA-B84427A33C93}.Debug|Any CPU.Build.0 = Debug|Any CPU
		{DE2E8A37-9C44-49CC-A9BA-B84427A33C93}.Release|Any CPU.ActiveCfg = Release|Any CPU
		{DE2E8A37-9C44-49CC-A9BA-B84427A33C93}.Release|Any CPU.Build.0 = Release|Any CPU
	EndGlobalSection
	GlobalSection(SolutionProperties) = preSolution
		HideSolutionNode = FALSE
	EndGlobalSection
	GlobalSection(ExtensibilityGlobals) = postSolution
		SolutionGuid = {02A311CA-FBBE-44C2-8010-7CABA4F6D3C9}
	EndGlobalSection
EndGlobal
